
Microsoft Visual Studio Solution File, Format Version 12.00
# Visual Studio Version 16
VisualStudioVersion = 16.0.30320.27
MinimumVisualStudioVersion = 10.0.40219.1
Project("{FAE04EC0-301F-11D3-BF4B-00C04F79EFBC}") = "MaterialsMod", "MaterialsMod\MaterialsMod.csproj", "{15063C97-347F-469E-98F6-C6D1642BBA8E}"
EndProject
Project("{FAE04EC0-301F-11D3-BF4B-00C04F79EFBC}") = "BedsMod", "BedsMod\BedsMod.csproj", "{302631A2-8E92-444B-84FA-51D14BE65C70}"
EndProject
Project("{FAE04EC0-301F-11D3-BF4B-00C04F79EFBC}") = "EnableConsole", "EnableConsole\EnableConsole.csproj", "{7174DAEA-574A-414C-A447-8F93927616C6}"
EndProject
Project("{FAE04EC0-301F-11D3-BF4B-00C04F79EFBC}") = "NoEdgeMapKillMod", "NoEdgeMapKillMod\NoEdgeMapKillMod.csproj", "{A3685795-9D6A-4636-80D6-4F9C276B11B2}"
EndProject
Project("{FAE04EC0-301F-11D3-BF4B-00C04F79EFBC}") = "FastGameKill", "FastGameKill\FastGameKill.csproj", "{61DDFC28-E80E-4355-9D87-B049571F653E}"
EndProject
Project("{FAE04EC0-301F-11D3-BF4B-00C04F79EFBC}") = "FixHeightMapCalculation", "FixHeightMapCalculation\FixHeightMapCalculation.csproj", "{30646D23-4434-4F22-BB9D-BC82F0A96D8A}"
EndProject
Project("{FAE04EC0-301F-11D3-BF4B-00C04F79EFBC}") = "SaveWhereYouWant", "SaveWhereYouWant\SaveWhereYouWant.csproj", "{DB57B692-E6B0-4054-901A-B6A1E6C5063C}"
EndProject
Project("{FAE04EC0-301F-11D3-BF4B-00C04F79EFBC}") = "ValheimFPSBoostCustom", "ValheimFPSBoostCustom\ValheimFPSBoostCustom.csproj", "{0402AF29-42AA-495F-B11C-CD976C64AAE1}"
EndProject
Global
	GlobalSection(SolutionConfigurationPlatforms) = preSolution
		Debug|Any CPU = Debug|Any CPU
		Release|Any CPU = Release|Any CPU
	EndGlobalSection
	GlobalSection(ProjectConfigurationPlatforms) = postSolution
		{15063C97-347F-469E-98F6-C6D1642BBA8E}.Debug|Any CPU.ActiveCfg = Debug|Any CPU
		{15063C97-347F-469E-98F6-C6D1642BBA8E}.Debug|Any CPU.Build.0 = Debug|Any CPU
		{15063C97-347F-469E-98F6-C6D1642BBA8E}.Release|Any CPU.ActiveCfg = Release|Any CPU
		{15063C97-347F-469E-98F6-C6D1642BBA8E}.Release|Any CPU.Build.0 = Release|Any CPU
		{302631A2-8E92-444B-84FA-51D14BE65C70}.Debug|Any CPU.ActiveCfg = Debug|Any CPU
		{302631A2-8E92-444B-84FA-51D14BE65C70}.Debug|Any CPU.Build.0 = Debug|Any CPU
		{302631A2-8E92-444B-84FA-51D14BE65C70}.Release|Any CPU.ActiveCfg = Release|Any CPU
		{302631A2-8E92-444B-84FA-51D14BE65C70}.Release|Any CPU.Build.0 = Release|Any CPU
		{7174DAEA-574A-414C-A447-8F93927616C6}.Debug|Any CPU.ActiveCfg = Debug|Any CPU
		{7174DAEA-574A-414C-A447-8F93927616C6}.Debug|Any CPU.Build.0 = Debug|Any CPU
		{7174DAEA-574A-414C-A447-8F93927616C6}.Release|Any CPU.ActiveCfg = Release|Any CPU
		{7174DAEA-574A-414C-A447-8F93927616C6}.Release|Any CPU.Build.0 = Release|Any CPU
		{A3685795-9D6A-4636-80D6-4F9C276B11B2}.Debug|Any CPU.ActiveCfg = Debug|Any CPU
		{A3685795-9D6A-4636-80D6-4F9C276B11B2}.Debug|Any CPU.Build.0 = Debug|Any CPU
		{A3685795-9D6A-4636-80D6-4F9C276B11B2}.Release|Any CPU.ActiveCfg = Release|Any CPU
		{A3685795-9D6A-4636-80D6-4F9C276B11B2}.Release|Any CPU.Build.0 = Release|Any CPU
		{61DDFC28-E80E-4355-9D87-B049571F653E}.Debug|Any CPU.ActiveCfg = Debug|Any CPU
		{61DDFC28-E80E-4355-9D87-B049571F653E}.Debug|Any CPU.Build.0 = Debug|Any CPU
		{61DDFC28-E80E-4355-9D87-B049571F653E}.Release|Any CPU.ActiveCfg = Release|Any CPU
		{61DDFC28-E80E-4355-9D87-B049571F653E}.Release|Any CPU.Build.0 = Release|Any CPU
		{30646D23-4434-4F22-BB9D-BC82F0A96D8A}.Debug|Any CPU.ActiveCfg = Debug|Any CPU
		{30646D23-4434-4F22-BB9D-BC82F0A96D8A}.Debug|Any CPU.Build.0 = Debug|Any CPU
		{30646D23-4434-4F22-BB9D-BC82F0A96D8A}.Release|Any CPU.ActiveCfg = Release|Any CPU
		{30646D23-4434-4F22-BB9D-BC82F0A96D8A}.Release|Any CPU.Build.0 = Release|Any CPU
		{DB57B692-E6B0-4054-901A-B6A1E6C5063C}.Debug|Any CPU.ActiveCfg = Debug|Any CPU
		{DB57B692-E6B0-4054-901A-B6A1E6C5063C}.Debug|Any CPU.Build.0 = Debug|Any CPU
		{DB57B692-E6B0-4054-901A-B6A1E6C5063C}.Release|Any CPU.ActiveCfg = Release|Any CPU
		{DB57B692-E6B0-4054-901A-B6A1E6C5063C}.Release|Any CPU.Build.0 = Release|Any CPU
		{0402AF29-42AA-495F-B11C-CD976C64AAE1}.Debug|Any CPU.ActiveCfg = Debug|Any CPU
		{0402AF29-42AA-495F-B11C-CD976C64AAE1}.Debug|Any CPU.Build.0 = Debug|Any CPU
		{0402AF29-42AA-495F-B11C-CD976C64AAE1}.Release|Any CPU.ActiveCfg = Release|Any CPU
		{0402AF29-42AA-495F-B11C-CD976C64AAE1}.Release|Any CPU.Build.0 = Release|Any CPU
	EndGlobalSection
	GlobalSection(SolutionProperties) = preSolution
		HideSolutionNode = FALSE
	EndGlobalSection
	GlobalSection(ExtensibilityGlobals) = postSolution
		SolutionGuid = {D180D3D5-6E90-4CDD-8B4B-37EC61B75B10}
	EndGlobalSection
EndGlobal
